// !$*UTF8*$!
{
	archiveVersion = 1;
	classes = {
	};
	objectVersion = 50;
	objects = {

/* Begin PBXBuildFile section */
		CCE24D8B244CE5B700EC296F /* AppDelegate.swift in Sources */ = {isa = PBXBuildFile; fileRef = CCE24D8A244CE5B700EC296F /* AppDelegate.swift */; };
		CCE24D8D244CE5B700EC296F /* SceneDelegate.swift in Sources */ = {isa = PBXBuildFile; fileRef = CCE24D8C244CE5B700EC296F /* SceneDelegate.swift */; };
		CCE24D8F244CE5B700EC296F /* ViewController.swift in Sources */ = {isa = PBXBuildFile; fileRef = CCE24D8E244CE5B700EC296F /* ViewController.swift */; };
		CCE24D92244CE5B700EC296F /* Main.storyboard in Resources */ = {isa = PBXBuildFile; fileRef = CCE24D90244CE5B700EC296F /* Main.storyboard */; };
		CCE24D94244CE5B900EC296F /* Assets.xcassets in Resources */ = {isa = PBXBuildFile; fileRef = CCE24D93244CE5B900EC296F /* Assets.xcassets */; };
		CCE24D97244CE5B900EC296F /* LaunchScreen.storyboard in Resources */ = {isa = PBXBuildFile; fileRef = CCE24D95244CE5B900EC296F /* LaunchScreen.storyboard */; };
/* End PBXBuildFile section */

/* Begin PBXFileReference section */
		CCE24D87244CE5B700EC296F /* 2020 Horoscope.app */ = {isa = PBXFileReference; explicitFileType = wrapper.application; includeInIndex = 0; path = "2020 Horoscope.app"; sourceTree = BUILT_PRODUCTS_DIR; };
		CCE24D8A244CE5B700EC296F /* AppDelegate.swift */ = {isa = PBXFileReference; lastKnownFileType = sourcecode.swift; path = AppDelegate.swift; sourceTree = "<group>"; };
		CCE24D8C244CE5B700EC296F /* SceneDelegate.swift */ = {isa = PBXFileReference; lastKnownFileType = sourcecode.swift; path = SceneDelegate.swift; sourceTree = "<group>"; };
		CCE24D8E244CE5B700EC296F /* ViewController.swift */ = {isa = PBXFileReference; lastKnownFileType = sourcecode.swift; path = ViewController.swift; sourceTree = "<group>"; };
		CCE24D91244CE5B700EC296F /* Base */ = {isa = PBXFileReference; lastKnownFileType = file.storyboard; name = Base; path = Base.lproj/Main.storyboard; sourceTree = "<group>"; };
		CCE24D93244CE5B900EC296F /* Assets.xcassets */ = {isa = PBXFileReference; lastKnownFileType = folder.assetcatalog; path = Assets.xcassets; sourceTree = "<group>"; };
		CCE24D96244CE5B900EC296F /* Base */ = {isa = PBXFileReference; lastKnownFileType = file.storyboard; name = Base; path = Base.lproj/LaunchScreen.storyboard; sourceTree = "<group>"; };
		CCE24D98244CE5B900EC296F /* Info.plist */ = {isa = PBXFileReference; lastKnownFileType = text.plist.xml; path = Info.plist; sourceTree = "<group>"; };
/* End PBXFileReference section */

/* Begin PBXFrameworksBuildPhase section */
		CCE24D84244CE5B700EC296F /* Frameworks */ = {
			isa = PBXFrameworksBuildPhase;
			buildActionMask = 2147483647;
			files = (
			);
			runOnlyForDeploymentPostprocessing = 0;
		};
/* End PBXFrameworksBuildPhase section */

/* Begin PBXGroup section */
		CCE24D7E244CE5B700EC296F = {
			isa = PBXGroup;
			children = (
				CCE24D89244CE5B700EC296F /* 2020 Horoscope */,
				CCE24D88244CE5B700EC296F /* Products */,
			);
			sourceTree = "<group>";
		};
		CCE24D88244CE5B700EC296F /* Products */ = {
			isa = PBXGroup;
			children = (
				CCE24D87244CE5B700EC296F /* 2020 Horoscope.app */,
			);
			name = Products;
			sourceTree = "<group>";
		};
		CCE24D89244CE5B700EC296F /* 2020 Horoscope */ = {
			isa = PBXGroup;
			children = (
				CCE24D8A244CE5B700EC296F /* AppDelegate.swift */,
				CCE24D8C244CE5B700EC296F /* SceneDelegate.swift */,
				CCE24D8E244CE5B700EC296F /* ViewController.swift */,
				CCE24D90244CE5B700EC296F /* Main.storyboard */,
				CCE24D93244CE5B900EC296F /* Assets.xcassets */,
				CCE24D95244CE5B900EC296F /* LaunchScreen.storyboard */,
				CCE24D98244CE5B900EC296F /* Info.plist */,
			);
			path = "2020 Horoscope";
			sourceTree = "<group>";
		};
/* End PBXGroup section */

/* Begin PBXNativeTarget section */
		CCE24D86244CE5B700EC296F /* 2020 Horoscope */ = {
			isa = PBXNativeTarget;
			buildConfigurationList = CCE24D9B244CE5B900EC296F /* Build configuration list for PBXNativeTarget "2020 Horoscope" */;
			buildPhases = (
				CCE24D83244CE5B700EC296F /* Sources */,
				CCE24D84244CE5B700EC296F /* Frameworks */,
				CCE24D85244CE5B700EC296F /* Resources */,
			);
			buildRules = (
			);
			dependencies = (
			);
			name = "2020 Horoscope";
			productName = "2020 Horoscope";
			productReference = CCE24D87244CE5B700EC296F /* 2020 Horoscope.app */;
			productType = "com.apple.product-type.application";
		};
/* End PBXNativeTarget section */

/* Begin PBXProject section */
		CCE24D7F244CE5B700EC296F /* Project object */ = {
			isa = PBXProject;
			attributes = {
				LastSwiftUpdateCheck = 1140;
				LastUpgradeCheck = 1140;
				ORGANIZATIONNAME = "CUNY Borough of Manhattan Community College";
				TargetAttributes = {
					CCE24D86244CE5B700EC296F = {
						CreatedOnToolsVersion = 11.4.1;
					};
				};
			};
			buildConfigurationList = CCE24D82244CE5B700EC296F /* Build configuration list for PBXProject "2020 Horoscope" */;
			compatibilityVersion = "Xcode 9.3";
			developmentRegion = en;
			hasScannedForEncodings = 0;
			knownRegions = (
				en,
				Base,
			);
			mainGroup = CCE24D7E244CE5B700EC296F;
			productRefGroup = CCE24D88244CE5B700EC296F /* Products */;
			projectDirPath = "";
			projectRoot = "";
			targets = (
				CCE24D86244CE5B700EC296F /* 2020 Horoscope */,
			);
		};
/* End PBXProject section */

/* Begin PBXResourcesBuildPhase section */
		CCE24D85244CE5B700EC296F /* Resources */ = {
			isa = PBXResourcesBuildPhase;
			buildActionMask = 2147483647;
			files = (
				CCE24D97244CE5B900EC296F /* LaunchScreen.storyboard in Resources */,
				CCE24D94244CE5B900EC296F /* Assets.xcassets in Resources */,
				CCE24D92244CE5B700EC296F /* Main.storyboard in Resources */,
			);
			runOnlyForDeploymentPostprocessing = 0;
		};
/* End PBXResourcesBuildPhase section */

/* Begin PBXSourcesBuildPhase section */
		CCE24D83244CE5B700EC296F /* Sources */ = {
			isa = PBXSourcesBuildPhase;
			buildActionMask = 2147483647;
			files = (
				CCE24D8F244CE5B700EC296F /* ViewController.swift in Sources */,
				CCE24D8B244CE5B700EC296F /* AppDelegate.swift in Sources */,
				CCE24D8D244CE5B700EC296F /* SceneDelegate.swift in Sources */,
			);
			runOnlyForDeploymentPostprocessing = 0;
		};
/* End PBXSourcesBuildPhase section */

/* Begin PBXVariantGroup section */
		CCE24D90244CE5B700EC296F /* Main.storyboard */ = {
			isa = PBXVariantGroup;
			children = (
				CCE24D91244CE5B700EC296F /* Base */,
			);
			name = Main.storyboard;
			sourceTree = "<group>";
		};
		CCE24D95244CE5B900EC296F /* LaunchScreen.storyboard */ = {
			isa = PBXVariantGroup;
			children = (
				CCE24D96244CE5B900EC296F /* Base */,
			);
			name = LaunchScreen.storyboard;
			sourceTree = "<group>";
		};
/* End PBXVariantGroup section */

/* Begin XCBuildConfiguration section */
		CCE24D99244CE5B900EC296F /* Debug */ = {
			isa = XCBuildConfiguration;
			buildSettings = {
				ALWAYS_SEARCH_USER_PATHS = NO;
				CLANG_ANALYZER_NONNULL = YES;
				CLANG_ANALYZER_NUMBER_OBJECT_CONVERSION = YES_AGGRESSIVE;
				CLANG_CXX_LANGUAGE_STANDARD = "gnu++14";
				CLANG_CXX_LIBRARY = "libc++";
				CLANG_ENABLE_MODULES = YES;
				CLANG_ENABLE_OBJC_ARC = YES;
				CLANG_ENABLE_OBJC_WEAK = YES;
				CLANG_WARN_BLOCK_CAPTURE_AUTORELEASING = YES;
				CLANG_WARN_BOOL_CONVERSION = YES;
				CLANG_WARN_COMMA = YES;
				CLANG_WARN_CONSTANT_CONVERSION = YES;
				CLANG_WARN_DEPRECATED_OBJC_IMPLEMENTATIONS = YES;
				CLANG_WARN_DIRECT_OBJC_ISA_USAGE = YES_ERROR;
				CLANG_WARN_DOCUMENTATION_COMMENTS = YES;
				CLANG_WARN_EMPTY_BODY = YES;
				CLANG_WARN_ENUM_CONVERSION = YES;
				CLANG_WARN_INFINITE_RECURSION = YES;
				CLANG_WARN_INT_CONVERSION = YES;
				CLANG_WARN_NON_LITERAL_NULL_CONVERSION = YES;
				CLANG_WARN_OBJC_IMPLICIT_RETAIN_SELF = YES;
				CLANG_WARN_OBJC_LITERAL_CONVERSION = YES;
				CLANG_WARN_OBJC_ROOT_CLASS = YES_ERROR;
				CLANG_WARN_RANGE_LOOP_ANALYSIS = YES;
				CLANG_WARN_STRICT_PROTOTYPES = YES;
				CLANG_WARN_SUSPICIOUS_MOVE = YES;
				CLANG_WARN_UNGUARDED_AVAILABILITY = YES_AGGRESSIVE;
				CLANG_WARN_UNREACHABLE_CODE = YES;
				CLANG_WARN__DUPLICATE_METHOD_MATCH = YES;
				COPY_PHASE_STRIP = NO;
				DEBUG_INFORMATION_FORMAT = dwarf;
				ENABLE_STRICT_OBJC_MSGSEND = YES;
				ENABLE_TESTABILITY = YES;
				GCC_C_LANGUAGE_STANDARD = gnu11;
				GCC_DYNAMIC_NO_PIC = NO;
				GCC_NO_COMMON_BLOCKS = YES;
				GCC_OPTIMIZATION_LEVEL = 0;
				GCC_PREPROCESSOR_DEFINITIONS = (
					"DEBUG=1",
					"$(inherited)",
				);
				GCC_WARN_64_TO_32_BIT_CONVERSION = YES;
				GCC_WARN_ABOUT_RETURN_TYPE = YES_ERROR;
				GCC_WARN_UNDECLARED_SELECTOR = YES;
				GCC_WARN_UNINITIALIZED_AUTOS = YES_AGGRESSIVE;
				GCC_WARN_UNUSED_FUNCTION = YES;
				GCC_WARN_UNUSED_VARIABLE = YES;
				IPHONEOS_DEPLOYMENT_TARGET = 13.4;
				MTL_ENABLE_DEBUG_INFO = INCLUDE_SOURCE;
				MTL_FAST_MATH = YES;
				ONLY_ACTIVE_ARCH = YES;
				SDKROOT = iphoneos;
				SWIFT_ACTIVE_COMPILATION_CONDITIONS = DEBUG;
				SWIFT_OPTIMIZATION_LEVEL = "-Onone";
			};
			name = Debug;
		};
		CCE24D9A244CE5B900EC296F /* Release */ = {
			isa = XCBuildConfiguration;
			buildSettings = {
				ALWAYS_SEARCH_USER_PATHS = NO;
				CLANG_ANALYZER_NONNULL = YES;
				CLANG_ANALYZER_NUMBER_OBJECT_CONVERSION = YES_AGGRESSIVE;
				CLANG_CXX_LANGUAGE_STANDARD = "gnu++14";
				CLANG_CXX_LIBRARY = "libc++";
				CLANG_ENABLE_MODULES = YES;
				CLANG_ENABLE_OBJC_ARC = YES;
				CLANG_ENABLE_OBJC_WEAK = YES;
				CLANG_WARN_BLOCK_CAPTURE_AUTORELEASING = YES;
				CLANG_WARN_BOOL_CONVERSION = YES;
				CLANG_WARN_COMMA = YES;
				CLANG_WARN_CONSTANT_CONVERSION = YES;
				CLANG_WARN_DEPRECATED_OBJC_IMPLEMENTATIONS = YES;
				CLANG_WARN_DIRECT_OBJC_ISA_USAGE = YES_ERROR;
				CLANG_WARN_DOCUMENTATION_COMMENTS = YES;
				CLANG_WARN_EMPTY_BODY = YES;
				CLANG_WARN_ENUM_CONVERSION = YES;
				CLANG_WARN_INFINITE_RECURSION = YES;
				CLANG_WARN_INT_CONVERSION = YES;
				CLANG_WARN_NON_LITERAL_NULL_CONVERSION = YES;
				CLANG_WARN_OBJC_IMPLICIT_RETAIN_SELF = YES;
				CLANG_WARN_OBJC_LITERAL_CONVERSION = YES;
				CLANG_WARN_OBJC_ROOT_CLASS = YES_ERROR;
				CLANG_WARN_RANGE_LOOP_ANALYSIS = YES;
				CLANG_WARN_STRICT_PROTOTYPES = YES;
				CLANG_WARN_SUSPICIOUS_MOVE = YES;
				CLANG_WARN_UNGUARDED_AVAILABILITY = YES_AGGRESSIVE;
				CLANG_WARN_UNREACHABLE_CODE = YES;
				CLANG_WARN__DUPLICATE_METHOD_MATCH = YES;
				COPY_PHASE_STRIP = NO;
				DEBUG_INFORMATION_FORMAT = "dwarf-with-dsym";
				ENABLE_NS_ASSERTIONS = NO;
				ENABLE_STRICT_OBJC_MSGSEND = YES;
				GCC_C_LANGUAGE_STANDARD = gnu11;
				GCC_NO_COMMON_BLOCKS = YES;
				GCC_WARN_64_TO_32_BIT_CONVERSION = YES;
				GCC_WARN_ABOUT_RETURN_TYPE = YES_ERROR;
				GCC_WARN_UNDECLARED_SELECTOR = YES;
				GCC_WARN_UNINITIALIZED_AUTOS = YES_AGGRESSIVE;
				GCC_WARN_UNUSED_FUNCTION = YES;
				GCC_WARN_UNUSED_VARIABLE = YES;
				IPHONEOS_DEPLOYMENT_TARGET = 13.4;
				MTL_ENABLE_DEBUG_INFO = NO;
				MTL_FAST_MATH = YES;
				SDKROOT = iphoneos;
				SWIFT_COMPILATION_MODE = wholemodule;
				SWIFT_OPTIMIZATION_LEVEL = "-O";
				VALIDATE_PRODUCT = YES;
			};
			name = Release;
		};
		CCE24D9C244CE5B900EC296F /* Debug */ = {
			isa = XCBuildConfiguration;
			buildSettings = {
				ASSETCATALOG_COMPILER_APPICON_NAME = AppIcon;
				CODE_SIGN_STYLE = Automatic;
				INFOPLIST_FILE = "2020 Horoscope/Info.plist";
				LD_RUNPATH_SEARCH_PATHS = (
					"$(inherited)",
					"@executable_path/Frameworks",
				);
				PRODUCT_BUNDLE_IDENTIFIER = "edu.cuny.bmcc.-020-Horoscope";
				PRODUCT_NAME = "$(TARGET_NAME)";
				SWIFT_VERSION = 5.0;
				TARGETED_DEVICE_FAMILY = "1,2";
			};
			name = Debug;
		};
		CCE24D9D244CE5B900EC296F /* Release */ = {
			isa = XCBuildConfiguration;
			buildSettings = {
				ASSETCATALOG_COMPILER_APPICON_NAME = AppIcon;
				CODE_SIGN_STYLE = Automatic;
				INFOPLIST_FILE = "2020 Horoscope/Info.plist";
				LD_RUNPATH_SEARCH_PATHS = (
					"$(inherited)",
					"@executable_path/Frameworks",
				);
				PRODUCT_BUNDLE_IDENTIFIER = "edu.cuny.bmcc.-020-Horoscope";
				PRODUCT_NAME = "$(TARGET_NAME)";
				SWIFT_VERSION = 5.0;
				TARGETED_DEVICE_FAMILY = "1,2";
			};
			name = Release;
		};
/* End XCBuildConfiguration section */

/* Begin XCConfigurationList section */
		CCE24D82244CE5B700EC296F /* Build configuration list for PBXProject "2020 Horoscope" */ = {
			isa = XCConfigurationList;
			buildConfigurations = (
				CCE24D99244CE5B900EC296F /* Debug */,
				CCE24D9A244CE5B900EC296F /* Release */,
			);
			defaultConfigurationIsVisible = 0;
			defaultConfigurationName = Release;
		};
		CCE24D9B244CE5B900EC296F /* Build configuration list for PBXNativeTarget "2020 Horoscope" */ = {
			isa = XCConfigurationList;
			buildConfigurations = (
				CCE24D9C244CE5B900EC296F /* Debug */,
				CCE24D9D244CE5B900EC296F /* Release */,
			);
			defaultConfigurationIsVisible = 0;
			defaultConfigurationName = Release;
		};
/* End XCConfigurationList section */
	};
	rootObject = CCE24D7F244CE5B700EC296F /* Project object */;
}
